
Microsoft Visual Studio Solution File, Format Version 12.00
# Visual Studio Version 16
VisualStudioVersion = 16.0.31321.278
MinimumVisualStudioVersion = 10.0.40219.1
Project("{8BC9CEB8-8B4A-11D0-8D11-00A0C91BC942}") = "QBWebPortalUI", "QBWebPortalUI\QBWebPortalUI.vcxproj", "{58CEB8EA-D673-4E7A-B379-49F28BA90ADB}"
EndProject
Global
	GlobalSection(SolutionConfigurationPlatforms) = preSolution
		Debug|x64 = Debug|x64
		Debug|x86 = Debug|x86
		Release|x64 = Release|x64
		Release|x86 = Release|x86
	EndGlobalSection
	GlobalSection(ProjectConfigurationPlatforms) = postSolution
		{58CEB8EA-D673-4E7A-B379-49F28BA90ADB}.Debug|x64.ActiveCfg = Debug|x64
		{58CEB8EA-D673-4E7A-B379-49F28BA90ADB}.Debug|x64.Build.0 = Debug|x64
		{58CEB8EA-D673-4E7A-B379-49F28BA90ADB}.Debug|x86.ActiveCfg = Debug|Win32
		{58CEB8EA-D673-4E7A-B379-49F28BA90ADB}.Debug|x86.Build.0 = Debug|Win32
		{58CEB8EA-D673-4E7A-B379-49F28BA90ADB}.Release|x64.ActiveCfg = Release|x64
		{58CEB8EA-D673-4E7A-B379-49F28BA90ADB}.Release|x64.Build.0 = Release|x64
		{58CEB8EA-D673-4E7A-B379-49F28BA90ADB}.Release|x86.ActiveCfg = Release|Win32
		{58CEB8EA-D673-4E7A-B379-49F28BA90ADB}.Release|x86.Build.0 = Release|Win32
	EndGlobalSection
	GlobalSection(SolutionProperties) = preSolution
		HideSolutionNode = FALSE
	EndGlobalSection
	GlobalSection(ExtensibilityGlobals) = postSolution
		SolutionGuid = {DF753372-C7EC-45CE-A7DA-4E6BE8730D19}
	EndGlobalSection
EndGlobal
